// !$*UTF8*$!
{
	archiveVersion = 1;
	classes = {
	};
	objectVersion = 56;
	objects = {

/* Begin PBXBuildFile section */
		5222FB9D2C5B1F5A000D9110 /* BrewCrewApp.swift in Sources */ = {isa = PBXBuildFile; fileRef = 5222FB9C2C5B1F5A000D9110 /* BrewCrewApp.swift */; };
		5222FB9F2C5B1F5A000D9110 /* ContentView.swift in Sources */ = {isa = PBXBuildFile; fileRef = 5222FB9E2C5B1F5A000D9110 /* ContentView.swift */; };
		5222FBA32C5B1F5C000D9110 /* Assets.xcassets in Resources */ = {isa = PBXBuildFile; fileRef = 5222FBA22C5B1F5C000D9110 /* Assets.xcassets */; };
		5222FBA62C5B1F5C000D9110 /* Preview Assets.xcassets in Resources */ = {isa = PBXBuildFile; fileRef = 5222FBA52C5B1F5C000D9110 /* Preview Assets.xcassets */; };
		522F65CF2C67B27B004F766E /* Consts.swift in Sources */ = {isa = PBXBuildFile; fileRef = 522F65CE2C67B27B004F766E /* Consts.swift */; };
		522F65D62C67B429004F766E /* BeverageContainersListView.swift in Sources */ = {isa = PBXBuildFile; fileRef = 522F65D52C67B429004F766E /* BeverageContainersListView.swift */; };
		522F65D82C67B450004F766E /* BeveragesListView.swift in Sources */ = {isa = PBXBuildFile; fileRef = 522F65D72C67B450004F766E /* BeveragesListView.swift */; };
		522F65DA2C67B46E004F766E /* BeverageEditForm.swift in Sources */ = {isa = PBXBuildFile; fileRef = 522F65D92C67B46E004F766E /* BeverageEditForm.swift */; };
		522F65DC2C67BE35004F766E /* BeverageContainerEditView.swift in Sources */ = {isa = PBXBuildFile; fileRef = 522F65DB2C67BE35004F766E /* BeverageContainerEditView.swift */; };
		522F65DF2C67C03F004F766E /* NumberFormatter+Brew.swift in Sources */ = {isa = PBXBuildFile; fileRef = 522F65DE2C67C03F004F766E /* NumberFormatter+Brew.swift */; };
		52D108682C64FC34009FD324 /* Beverage.swift in Sources */ = {isa = PBXBuildFile; fileRef = 52D108672C64FC34009FD324 /* Beverage.swift */; };
		52D1086A2C65DA0C009FD324 /* BeverageCategory.swift in Sources */ = {isa = PBXBuildFile; fileRef = 52D108692C65DA0C009FD324 /* BeverageCategory.swift */; };
		52D1086C2C65DA18009FD324 /* BeverageContainer.swift in Sources */ = {isa = PBXBuildFile; fileRef = 52D1086B2C65DA18009FD324 /* BeverageContainer.swift */; };
/* End PBXBuildFile section */

/* Begin PBXFileReference section */
		5222FB992C5B1F5A000D9110 /* BrewCrew.app */ = {isa = PBXFileReference; explicitFileType = wrapper.application; includeInIndex = 0; path = BrewCrew.app; sourceTree = BUILT_PRODUCTS_DIR; };
		5222FB9C2C5B1F5A000D9110 /* BrewCrewApp.swift */ = {isa = PBXFileReference; lastKnownFileType = sourcecode.swift; path = BrewCrewApp.swift; sourceTree = "<group>"; };
		5222FB9E2C5B1F5A000D9110 /* ContentView.swift */ = {isa = PBXFileReference; lastKnownFileType = sourcecode.swift; path = ContentView.swift; sourceTree = "<group>"; };
		5222FBA22C5B1F5C000D9110 /* Assets.xcassets */ = {isa = PBXFileReference; lastKnownFileType = folder.assetcatalog; path = Assets.xcassets; sourceTree = "<group>"; };
		5222FBA52C5B1F5C000D9110 /* Preview Assets.xcassets */ = {isa = PBXFileReference; lastKnownFileType = folder.assetcatalog; path = "Preview Assets.xcassets"; sourceTree = "<group>"; };
		522F65CE2C67B27B004F766E /* Consts.swift */ = {isa = PBXFileReference; lastKnownFileType = sourcecode.swift; path = Consts.swift; sourceTree = "<group>"; };
		522F65D52C67B429004F766E /* BeverageContainersListView.swift */ = {isa = PBXFileReference; lastKnownFileType = sourcecode.swift; path = BeverageContainersListView.swift; sourceTree = "<group>"; };
		522F65D72C67B450004F766E /* BeveragesListView.swift */ = {isa = PBXFileReference; lastKnownFileType = sourcecode.swift; path = BeveragesListView.swift; sourceTree = "<group>"; };
		522F65D92C67B46E004F766E /* BeverageEditForm.swift */ = {isa = PBXFileReference; lastKnownFileType = sourcecode.swift; path = BeverageEditForm.swift; sourceTree = "<group>"; };
		522F65DB2C67BE35004F766E /* BeverageContainerEditView.swift */ = {isa = PBXFileReference; lastKnownFileType = sourcecode.swift; path = BeverageContainerEditView.swift; sourceTree = "<group>"; };
		522F65DE2C67C03F004F766E /* NumberFormatter+Brew.swift */ = {isa = PBXFileReference; lastKnownFileType = sourcecode.swift; path = "NumberFormatter+Brew.swift"; sourceTree = "<group>"; };
		52D108672C64FC34009FD324 /* Beverage.swift */ = {isa = PBXFileReference; lastKnownFileType = sourcecode.swift; path = Beverage.swift; sourceTree = "<group>"; };
		52D108692C65DA0C009FD324 /* BeverageCategory.swift */ = {isa = PBXFileReference; lastKnownFileType = sourcecode.swift; path = BeverageCategory.swift; sourceTree = "<group>"; };
		52D1086B2C65DA18009FD324 /* BeverageContainer.swift */ = {isa = PBXFileReference; lastKnownFileType = sourcecode.swift; path = BeverageContainer.swift; sourceTree = "<group>"; };
/* End PBXFileReference section */

/* Begin PBXFrameworksBuildPhase section */
		5222FB962C5B1F5A000D9110 /* Frameworks */ = {
			isa = PBXFrameworksBuildPhase;
			buildActionMask = 2147483647;
			files = (
			);
			runOnlyForDeploymentPostprocessing = 0;
		};
/* End PBXFrameworksBuildPhase section */

/* Begin PBXGroup section */
		5222FB902C5B1F5A000D9110 = {
			isa = PBXGroup;
			children = (
				5222FB9B2C5B1F5A000D9110 /* BrewCrew */,
				5222FB9A2C5B1F5A000D9110 /* Products */,
			);
			sourceTree = "<group>";
		};
		5222FB9A2C5B1F5A000D9110 /* Products */ = {
			isa = PBXGroup;
			children = (
				5222FB992C5B1F5A000D9110 /* BrewCrew.app */,
			);
			name = Products;
			sourceTree = "<group>";
		};
		5222FB9B2C5B1F5A000D9110 /* BrewCrew */ = {
			isa = PBXGroup;
			children = (
				522F65DD2C67C026004F766E /* Shared */,
				522F65D12C67B336004F766E /* Modules */,
				52D108662C64FB4A009FD324 /* Models */,
				5222FB9C2C5B1F5A000D9110 /* BrewCrewApp.swift */,
				5222FB9E2C5B1F5A000D9110 /* ContentView.swift */,
				5222FBA22C5B1F5C000D9110 /* Assets.xcassets */,
				5222FBA42C5B1F5C000D9110 /* Preview Content */,
				522F65CE2C67B27B004F766E /* Consts.swift */,
			);
			path = BrewCrew;
			sourceTree = "<group>";
		};
		5222FBA42C5B1F5C000D9110 /* Preview Content */ = {
			isa = PBXGroup;
			children = (
				5222FBA52C5B1F5C000D9110 /* Preview Assets.xcassets */,
			);
			path = "Preview Content";
			sourceTree = "<group>";
		};
		522F65D12C67B336004F766E /* Modules */ = {
			isa = PBXGroup;
			children = (
				522F65D42C67B350004F766E /* BeverageContainer */,
				522F65D22C67B33B004F766E /* Beverage */,
			);
			path = Modules;
			sourceTree = "<group>";
		};
		522F65D22C67B33B004F766E /* Beverage */ = {
			isa = PBXGroup;
			children = (
				522F65D72C67B450004F766E /* BeveragesListView.swift */,
				522F65D92C67B46E004F766E /* BeverageEditForm.swift */,
			);
			path = Beverage;
			sourceTree = "<group>";
		};
		522F65D42C67B350004F766E /* BeverageContainer */ = {
			isa = PBXGroup;
			children = (
				522F65D52C67B429004F766E /* BeverageContainersListView.swift */,
				522F65DB2C67BE35004F766E /* BeverageContainerEditView.swift */,
			);
			path = BeverageContainer;
			sourceTree = "<group>";
		};
		522F65DD2C67C026004F766E /* Shared */ = {
			isa = PBXGroup;
			children = (
				522F65DE2C67C03F004F766E /* NumberFormatter+Brew.swift */,
			);
			path = Shared;
			sourceTree = "<group>";
		};
		52D108662C64FB4A009FD324 /* Models */ = {
			isa = PBXGroup;
			children = (
				52D108672C64FC34009FD324 /* Beverage.swift */,
				52D108692C65DA0C009FD324 /* BeverageCategory.swift */,
				52D1086B2C65DA18009FD324 /* BeverageContainer.swift */,
			);
			path = Models;
			sourceTree = "<group>";
		};
/* End PBXGroup section */

/* Begin PBXNativeTarget section */
		5222FB982C5B1F5A000D9110 /* BrewCrew */ = {
			isa = PBXNativeTarget;
			buildConfigurationList = 5222FBA92C5B1F5C000D9110 /* Build configuration list for PBXNativeTarget "BrewCrew" */;
			buildPhases = (
				5222FB952C5B1F5A000D9110 /* Sources */,
				5222FB962C5B1F5A000D9110 /* Frameworks */,
				5222FB972C5B1F5A000D9110 /* Resources */,
			);
			buildRules = (
			);
			dependencies = (
			);
			name = BrewCrew;
			productName = BrewCrew;
			productReference = 5222FB992C5B1F5A000D9110 /* BrewCrew.app */;
			productType = "com.apple.product-type.application";
		};
/* End PBXNativeTarget section */

/* Begin PBXProject section */
		5222FB912C5B1F5A000D9110 /* Project object */ = {
			isa = PBXProject;
			attributes = {
				BuildIndependentTargetsInParallel = 1;
				LastSwiftUpdateCheck = 1520;
				LastUpgradeCheck = 1520;
				TargetAttributes = {
					5222FB982C5B1F5A000D9110 = {
						CreatedOnToolsVersion = 15.2;
					};
				};
			};
			buildConfigurationList = 5222FB942C5B1F5A000D9110 /* Build configuration list for PBXProject "BrewCrew" */;
			compatibilityVersion = "Xcode 14.0";
			developmentRegion = en;
			hasScannedForEncodings = 0;
			knownRegions = (
				en,
				Base,
			);
			mainGroup = 5222FB902C5B1F5A000D9110;
			productRefGroup = 5222FB9A2C5B1F5A000D9110 /* Products */;
			projectDirPath = "";
			projectRoot = "";
			targets = (
				5222FB982C5B1F5A000D9110 /* BrewCrew */,
			);
		};
/* End PBXProject section */

/* Begin PBXResourcesBuildPhase section */
		5222FB972C5B1F5A000D9110 /* Resources */ = {
			isa = PBXResourcesBuildPhase;
			buildActionMask = 2147483647;
			files = (
				5222FBA62C5B1F5C000D9110 /* Preview Assets.xcassets in Resources */,
				5222FBA32C5B1F5C000D9110 /* Assets.xcassets in Resources */,
			);
			runOnlyForDeploymentPostprocessing = 0;
		};
/* End PBXResourcesBuildPhase section */

/* Begin PBXSourcesBuildPhase section */
		5222FB952C5B1F5A000D9110 /* Sources */ = {
			isa = PBXSourcesBuildPhase;
			buildActionMask = 2147483647;
			files = (
				52D1086A2C65DA0C009FD324 /* BeverageCategory.swift in Sources */,
				522F65DC2C67BE35004F766E /* BeverageContainerEditView.swift in Sources */,
				522F65D82C67B450004F766E /* BeveragesListView.swift in Sources */,
				522F65D62C67B429004F766E /* BeverageContainersListView.swift in Sources */,
				522F65DA2C67B46E004F766E /* BeverageEditForm.swift in Sources */,
				5222FB9F2C5B1F5A000D9110 /* ContentView.swift in Sources */,
				52D108682C64FC34009FD324 /* Beverage.swift in Sources */,
				522F65DF2C67C03F004F766E /* NumberFormatter+Brew.swift in Sources */,
				522F65CF2C67B27B004F766E /* Consts.swift in Sources */,
				5222FB9D2C5B1F5A000D9110 /* BrewCrewApp.swift in Sources */,
				52D1086C2C65DA18009FD324 /* BeverageContainer.swift in Sources */,
			);
			runOnlyForDeploymentPostprocessing = 0;
		};
/* End PBXSourcesBuildPhase section */

/* Begin XCBuildConfiguration section */
		5222FBA72C5B1F5C000D9110 /* Debug */ = {
			isa = XCBuildConfiguration;
			buildSettings = {
				ALWAYS_SEARCH_USER_PATHS = NO;
				ASSETCATALOG_COMPILER_GENERATE_SWIFT_ASSET_SYMBOL_EXTENSIONS = YES;
				CLANG_ANALYZER_NONNULL = YES;
				CLANG_ANALYZER_NUMBER_OBJECT_CONVERSION = YES_AGGRESSIVE;
				CLANG_CXX_LANGUAGE_STANDARD = "gnu++20";
				CLANG_ENABLE_MODULES = YES;
				CLANG_ENABLE_OBJC_ARC = YES;
				CLANG_ENABLE_OBJC_WEAK = YES;
				CLANG_WARN_BLOCK_CAPTURE_AUTORELEASING = YES;
				CLANG_WARN_BOOL_CONVERSION = YES;
				CLANG_WARN_COMMA = YES;
				CLANG_WARN_CONSTANT_CONVERSION = YES;
				CLANG_WARN_DEPRECATED_OBJC_IMPLEMENTATIONS = YES;
				CLANG_WARN_DIRECT_OBJC_ISA_USAGE = YES_ERROR;
				CLANG_WARN_DOCUMENTATION_COMMENTS = YES;
				CLANG_WARN_EMPTY_BODY = YES;
				CLANG_WARN_ENUM_CONVERSION = YES;
				CLANG_WARN_INFINITE_RECURSION = YES;
				CLANG_WARN_INT_CONVERSION = YES;
				CLANG_WARN_NON_LITERAL_NULL_CONVERSION = YES;
				CLANG_WARN_OBJC_IMPLICIT_RETAIN_SELF = YES;
				CLANG_WARN_OBJC_LITERAL_CONVERSION = YES;
				CLANG_WARN_OBJC_ROOT_CLASS = YES_ERROR;
				CLANG_WARN_QUOTED_INCLUDE_IN_FRAMEWORK_HEADER = YES;
				CLANG_WARN_RANGE_LOOP_ANALYSIS = YES;
				CLANG_WARN_STRICT_PROTOTYPES = YES;
				CLANG_WARN_SUSPICIOUS_MOVE = YES;
				CLANG_WARN_UNGUARDED_AVAILABILITY = YES_AGGRESSIVE;
				CLANG_WARN_UNREACHABLE_CODE = YES;
				CLANG_WARN__DUPLICATE_METHOD_MATCH = YES;
				COPY_PHASE_STRIP = NO;
				DEBUG_INFORMATION_FORMAT = dwarf;
				ENABLE_STRICT_OBJC_MSGSEND = YES;
				ENABLE_TESTABILITY = YES;
				ENABLE_USER_SCRIPT_SANDBOXING = YES;
				GCC_C_LANGUAGE_STANDARD = gnu17;
				GCC_DYNAMIC_NO_PIC = NO;
				GCC_NO_COMMON_BLOCKS = YES;
				GCC_OPTIMIZATION_LEVEL = 0;
				GCC_PREPROCESSOR_DEFINITIONS = (
					"DEBUG=1",
					"$(inherited)",
				);
				GCC_WARN_64_TO_32_BIT_CONVERSION = YES;
				GCC_WARN_ABOUT_RETURN_TYPE = YES_ERROR;
				GCC_WARN_UNDECLARED_SELECTOR = YES;
				GCC_WARN_UNINITIALIZED_AUTOS = YES_AGGRESSIVE;
				GCC_WARN_UNUSED_FUNCTION = YES;
				GCC_WARN_UNUSED_VARIABLE = YES;
				IPHONEOS_DEPLOYMENT_TARGET = 17.2;
				LOCALIZATION_PREFERS_STRING_CATALOGS = YES;
				MTL_ENABLE_DEBUG_INFO = INCLUDE_SOURCE;
				MTL_FAST_MATH = YES;
				ONLY_ACTIVE_ARCH = YES;
				SDKROOT = iphoneos;
				SWIFT_ACTIVE_COMPILATION_CONDITIONS = "DEBUG $(inherited)";
				SWIFT_OPTIMIZATION_LEVEL = "-Onone";
			};
			name = Debug;
		};
		5222FBA82C5B1F5C000D9110 /* Release */ = {
			isa = XCBuildConfiguration;
			buildSettings = {
				ALWAYS_SEARCH_USER_PATHS = NO;
				ASSETCATALOG_COMPILER_GENERATE_SWIFT_ASSET_SYMBOL_EXTENSIONS = YES;
				CLANG_ANALYZER_NONNULL = YES;
				CLANG_ANALYZER_NUMBER_OBJECT_CONVERSION = YES_AGGRESSIVE;
				CLANG_CXX_LANGUAGE_STANDARD = "gnu++20";
				CLANG_ENABLE_MODULES = YES;
				CLANG_ENABLE_OBJC_ARC = YES;
				CLANG_ENABLE_OBJC_WEAK = YES;
				CLANG_WARN_BLOCK_CAPTURE_AUTORELEASING = YES;
				CLANG_WARN_BOOL_CONVERSION = YES;
				CLANG_WARN_COMMA = YES;
				CLANG_WARN_CONSTANT_CONVERSION = YES;
				CLANG_WARN_DEPRECATED_OBJC_IMPLEMENTATIONS = YES;
				CLANG_WARN_DIRECT_OBJC_ISA_USAGE = YES_ERROR;
				CLANG_WARN_DOCUMENTATION_COMMENTS = YES;
				CLANG_WARN_EMPTY_BODY = YES;
				CLANG_WARN_ENUM_CONVERSION = YES;
				CLANG_WARN_INFINITE_RECURSION = YES;
				CLANG_WARN_INT_CONVERSION = YES;
				CLANG_WARN_NON_LITERAL_NULL_CONVERSION = YES;
				CLANG_WARN_OBJC_IMPLICIT_RETAIN_SELF = YES;
				CLANG_WARN_OBJC_LITERAL_CONVERSION = YES;
				CLANG_WARN_OBJC_ROOT_CLASS = YES_ERROR;
				CLANG_WARN_QUOTED_INCLUDE_IN_FRAMEWORK_HEADER = YES;
				CLANG_WARN_RANGE_LOOP_ANALYSIS = YES;
				CLANG_WARN_STRICT_PROTOTYPES = YES;
				CLANG_WARN_SUSPICIOUS_MOVE = YES;
				CLANG_WARN_UNGUARDED_AVAILABILITY = YES_AGGRESSIVE;
				CLANG_WARN_UNREACHABLE_CODE = YES;
				CLANG_WARN__DUPLICATE_METHOD_MATCH = YES;
				COPY_PHASE_STRIP = NO;
				DEBUG_INFORMATION_FORMAT = "dwarf-with-dsym";
				ENABLE_NS_ASSERTIONS = NO;
				ENABLE_STRICT_OBJC_MSGSEND = YES;
				ENABLE_USER_SCRIPT_SANDBOXING = YES;
				GCC_C_LANGUAGE_STANDARD = gnu17;
				GCC_NO_COMMON_BLOCKS = YES;
				GCC_WARN_64_TO_32_BIT_CONVERSION = YES;
				GCC_WARN_ABOUT_RETURN_TYPE = YES_ERROR;
				GCC_WARN_UNDECLARED_SELECTOR = YES;
				GCC_WARN_UNINITIALIZED_AUTOS = YES_AGGRESSIVE;
				GCC_WARN_UNUSED_FUNCTION = YES;
				GCC_WARN_UNUSED_VARIABLE = YES;
				IPHONEOS_DEPLOYMENT_TARGET = 17.2;
				LOCALIZATION_PREFERS_STRING_CATALOGS = YES;
				MTL_ENABLE_DEBUG_INFO = NO;
				MTL_FAST_MATH = YES;
				SDKROOT = iphoneos;
				SWIFT_COMPILATION_MODE = wholemodule;
				VALIDATE_PRODUCT = YES;
			};
			name = Release;
		};
		5222FBAA2C5B1F5C000D9110 /* Debug */ = {
			isa = XCBuildConfiguration;
			buildSettings = {
				ASSETCATALOG_COMPILER_APPICON_NAME = AppIcon;
				ASSETCATALOG_COMPILER_GLOBAL_ACCENT_COLOR_NAME = AccentColor;
				CODE_SIGN_STYLE = Automatic;
				CURRENT_PROJECT_VERSION = 1;
				DEVELOPMENT_ASSET_PATHS = "\"BrewCrew/Preview Content\"";
				DEVELOPMENT_TEAM = JGSX8P77CL;
				ENABLE_PREVIEWS = YES;
				GENERATE_INFOPLIST_FILE = YES;
				INFOPLIST_KEY_UIApplicationSceneManifest_Generation = YES;
				INFOPLIST_KEY_UIApplicationSupportsIndirectInputEvents = YES;
				INFOPLIST_KEY_UILaunchScreen_Generation = YES;
				INFOPLIST_KEY_UISupportedInterfaceOrientations_iPad = "UIInterfaceOrientationPortrait UIInterfaceOrientationPortraitUpsideDown UIInterfaceOrientationLandscapeLeft UIInterfaceOrientationLandscapeRight";
				INFOPLIST_KEY_UISupportedInterfaceOrientations_iPhone = "UIInterfaceOrientationPortrait UIInterfaceOrientationLandscapeLeft UIInterfaceOrientationLandscapeRight";
				LD_RUNPATH_SEARCH_PATHS = (
					"$(inherited)",
					"@executable_path/Frameworks",
				);
				MARKETING_VERSION = 1.0;
				PRODUCT_BUNDLE_IDENTIFIER = postoev.BrewCrew;
				PRODUCT_NAME = "$(TARGET_NAME)";
				SWIFT_EMIT_LOC_STRINGS = YES;
				SWIFT_VERSION = 5.0;
				TARGETED_DEVICE_FAMILY = "1,2";
			};
			name = Debug;
		};
		5222FBAB2C5B1F5C000D9110 /* Release */ = {
			isa = XCBuildConfiguration;
			buildSettings = {
				ASSETCATALOG_COMPILER_APPICON_NAME = AppIcon;
				ASSETCATALOG_COMPILER_GLOBAL_ACCENT_COLOR_NAME = AccentColor;
				CODE_SIGN_STYLE = Automatic;
				CURRENT_PROJECT_VERSION = 1;
				DEVELOPMENT_ASSET_PATHS = "\"BrewCrew/Preview Content\"";
				DEVELOPMENT_TEAM = JGSX8P77CL;
				ENABLE_PREVIEWS = YES;
				GENERATE_INFOPLIST_FILE = YES;
				INFOPLIST_KEY_UIApplicationSceneManifest_Generation = YES;
				INFOPLIST_KEY_UIApplicationSupportsIndirectInputEvents = YES;
				INFOPLIST_KEY_UILaunchScreen_Generation = YES;
				INFOPLIST_KEY_UISupportedInterfaceOrientations_iPad = "UIInterfaceOrientationPortrait UIInterfaceOrientationPortraitUpsideDown UIInterfaceOrientationLandscapeLeft UIInterfaceOrientationLandscapeRight";
				INFOPLIST_KEY_UISupportedInterfaceOrientations_iPhone = "UIInterfaceOrientationPortrait UIInterfaceOrientationLandscapeLeft UIInterfaceOrientationLandscapeRight";
				LD_RUNPATH_SEARCH_PATHS = (
					"$(inherited)",
					"@executable_path/Frameworks",
				);
				MARKETING_VERSION = 1.0;
				PRODUCT_BUNDLE_IDENTIFIER = postoev.BrewCrew;
				PRODUCT_NAME = "$(TARGET_NAME)";
				SWIFT_EMIT_LOC_STRINGS = YES;
				SWIFT_VERSION = 5.0;
				TARGETED_DEVICE_FAMILY = "1,2";
			};
			name = Release;
		};
/* End XCBuildConfiguration section */

/* Begin XCConfigurationList section */
		5222FB942C5B1F5A000D9110 /* Build configuration list for PBXProject "BrewCrew" */ = {
			isa = XCConfigurationList;
			buildConfigurations = (
				5222FBA72C5B1F5C000D9110 /* Debug */,
				5222FBA82C5B1F5C000D9110 /* Release */,
			);
			defaultConfigurationIsVisible = 0;
			defaultConfigurationName = Release;
		};
		5222FBA92C5B1F5C000D9110 /* Build configuration list for PBXNativeTarget "BrewCrew" */ = {
			isa = XCConfigurationList;
			buildConfigurations = (
				5222FBAA2C5B1F5C000D9110 /* Debug */,
				5222FBAB2C5B1F5C000D9110 /* Release */,
			);
			defaultConfigurationIsVisible = 0;
			defaultConfigurationName = Release;
		};
/* End XCConfigurationList section */
	};
	rootObject = 5222FB912C5B1F5A000D9110 /* Project object */;
}
